
Microsoft Visual Studio Solution File, Format Version 12.00
# Visual Studio Version 17
VisualStudioVersion = 17.10.35013.160
MinimumVisualStudioVersion = 10.0.40219.1
Project("{FAE04EC0-301F-11D3-BF4B-00C04F79EFBC}") = "OopsDemo", "OopsDemo\OopsDemo.csproj", "{6353B9CA-AF9E-4AA1-BD27-169EBDE80967}"
EndProject
Global
	GlobalSection(SolutionConfigurationPlatforms) = preSolution
		Debug|Any CPU = Debug|Any CPU
		Release|Any CPU = Release|Any CPU
	EndGlobalSection
	GlobalSection(ProjectConfigurationPlatforms) = postSolution
		{6353B9CA-AF9E-4AA1-BD27-169EBDE80967}.Debug|Any CPU.ActiveCfg = Debug|Any CPU
		{6353B9CA-AF9E-4AA1-BD27-169EBDE80967}.Debug|Any CPU.Build.0 = Debug|Any CPU
		{6353B9CA-AF9E-4AA1-BD27-169EBDE80967}.Release|Any CPU.ActiveCfg = Release|Any CPU
		{6353B9CA-AF9E-4AA1-BD27-169EBDE80967}.Release|Any CPU.Build.0 = Release|Any CPU
	EndGlobalSection
	GlobalSection(SolutionProperties) = preSolution
		HideSolutionNode = FALSE
	EndGlobalSection
	GlobalSection(ExtensibilityGlobals) = postSolution
		SolutionGuid = {34C0213A-717A-41B5-94F3-36CE994C26A8}
	EndGlobalSection
EndGlobal
